
Microsoft Visual Studio Solution File, Format Version 12.00
# Visual Studio Version 16
VisualStudioVersion = 16.0.28803.352
MinimumVisualStudioVersion = 10.0.40219.1
Project("{FAE04EC0-301F-11D3-BF4B-00C04F79EFBC}") = "BeerConsumption", "BeerConsumption\BeerConsumption.csproj", "{5356CC84-AA07-4C01-8CEE-331C8BFCBDCE}"
EndProject
Global
	GlobalSection(SolutionConfigurationPlatforms) = preSolution
		Debug|Any CPU = Debug|Any CPU
		Release|Any CPU = Release|Any CPU
	EndGlobalSection
	GlobalSection(ProjectConfigurationPlatforms) = postSolution
		{5356CC84-AA07-4C01-8CEE-331C8BFCBDCE}.Debug|Any CPU.ActiveCfg = Debug|Any CPU
		{5356CC84-AA07-4C01-8CEE-331C8BFCBDCE}.Debug|Any CPU.Build.0 = Debug|Any CPU
		{5356CC84-AA07-4C01-8CEE-331C8BFCBDCE}.Release|Any CPU.ActiveCfg = Release|Any CPU
		{5356CC84-AA07-4C01-8CEE-331C8BFCBDCE}.Release|Any CPU.Build.0 = Release|Any CPU
	EndGlobalSection
	GlobalSection(SolutionProperties) = preSolution
		HideSolutionNode = FALSE
	EndGlobalSection
	GlobalSection(ExtensibilityGlobals) = postSolution
		SolutionGuid = {EE3BFE8E-8347-4BE3-97E5-E5085139DD37}
	EndGlobalSection
EndGlobal
